"@actions/core@^1.2.6":
  version "1.2.6"
  resolved "https://registry.yarnpkg.com/@actions/core/-/core-1.2.6.tgz#a78d49f41a4def18e88ce47c2cac615d5694bf09"

"@actions/exec@^1.0.4":
  version "1.0.4"
  resolved "https://registry.yarnpkg.com/@actions/exec/-/exec-1.0.4.tgz#99d75310e62e59fc37d2ee6dcff6d4bffadd3a5d"
  dependencies:
    "@actions/io" "^1.0.1"

"@actions/io@^1.0.1":
  version "1.0.2"
  resolved "https://registry.yarnpkg.com/@actions/io/-/io-1.0.2.tgz#2f614b6e69ce14d191180451eb38e6576a6e6b27"

"@types/node@^14.14.9":
  version "14.14.31"
  resolved "https://registry.yarnpkg.com/@types/node/-/node-14.14.31.tgz#72286bd33d137aa0d152d47ec7c1762563d34055"

"@vercel/ncc@^0.27.0":
  version "0.27.0"
  resolved "https://registry.yarnpkg.com/@vercel/ncc/-/ncc-0.27.0.tgz#c0cfeebb0bebb56052719efa4a0ecc090a932c76"

find-up@^5.0.0:
  version "5.0.0"
  resolved "https://registry.yarnpkg.com/find-up/-/find-up-5.0.0.tgz#4c92819ecb7083561e4f4a240a86be5198f536fc"
  dependencies:
    locate-path "^6.0.0"
    path-exists "^4.0.0"

locate-path@^6.0.0:
  version "6.0.0"
  resolved "https://registry.yarnpkg.com/locate-path/-/locate-path-6.0.0.tgz#55321eb309febbc59c4801d931a72452a681d286"
  dependencies:
    p-locate "^5.0.0"

p-limit@^3.0.2:
  version "3.1.0"
  resolved "https://registry.yarnpkg.com/p-limit/-/p-limit-3.1.0.tgz#e1daccbe78d0d1388ca18c64fea38e3e57e3706b"
  dependencies:
    yocto-queue "^0.1.0"

p-locate@^5.0.0:
  version "5.0.0"
  resolved "https://registry.yarnpkg.com/p-locate/-/p-locate-5.0.0.tgz#83c8315c6785005e3bd021839411c9e110e6d834"
  dependencies:
    p-limit "^3.0.2"

path-exists@^4.0.0:
  version "4.0.0"
  resolved "https://registry.yarnpkg.com/path-exists/-/path-exists-4.0.0.tgz#513bdbe2d3b95d7762e8c1137efa195c6c61b5b3"

pkg-dir@^5.0.0:
  version "5.0.0"
  resolved "https://registry.yarnpkg.com/pkg-dir/-/pkg-dir-5.0.0.tgz#a02d6aebe6ba133a928f74aec20bafdfe6b8e760"
  dependencies:
    find-up "^5.0.0"

typescript@^4.1.5:
  version "4.1.5"
  resolved "https://registry.yarnpkg.com/typescript/-/typescript-4.1.5.tgz#123a3b214aaff3be32926f0d8f1f6e704eb89a72"

yocto-queue@^0.1.0:
  version "0.1.0"
  resolved "https://registry.yarnpkg.com/yocto-queue/-/yocto-queue-0.1.0.tgz#0294eb3dee05028d31ee1a5fa2c556a6aaf10a1b"
